
Microsoft Visual Studio Solution File, Format Version 12.00
# Visual Studio Version 17
VisualStudioVersion = 17.0.31903.59
MinimumVisualStudioVersion = 10.0.40219.1
Project("{FAE04EC0-301F-11D3-BF4B-00C04F79EFBC}") = "Tubes3_Pria_Berorientasi_Cis", "Tubes3_Pria_Berorientasi_Cis\Tubes3_Pria_Berorientasi_Cis.csproj", "{C11D44BC-8955-4824-A3AB-154D017546E1}"
EndProject
Global
	GlobalSection(SolutionConfigurationPlatforms) = preSolution
		Debug|Any CPU = Debug|Any CPU
		Release|Any CPU = Release|Any CPU
	EndGlobalSection
	GlobalSection(SolutionProperties) = preSolution
		HideSolutionNode = FALSE
	EndGlobalSection
	GlobalSection(ProjectConfigurationPlatforms) = postSolution
		{C11D44BC-8955-4824-A3AB-154D017546E1}.Debug|Any CPU.ActiveCfg = Debug|Any CPU
		{C11D44BC-8955-4824-A3AB-154D017546E1}.Debug|Any CPU.Build.0 = Debug|Any CPU
		{C11D44BC-8955-4824-A3AB-154D017546E1}.Release|Any CPU.ActiveCfg = Release|Any CPU
		{C11D44BC-8955-4824-A3AB-154D017546E1}.Release|Any CPU.Build.0 = Release|Any CPU
	EndGlobalSection
EndGlobal
